// !$*UTF8*$!
{
	archiveVersion = 1;
	classes = {
	};
	objectVersion = 50;
	objects = {

/* Begin PBXBuildFile section */
		3FA4637A25EFDEEB00577AAF /* AppDelegate.swift in Sources */ = {isa = PBXBuildFile; fileRef = 3FA4637925EFDEEB00577AAF /* AppDelegate.swift */; };
		3FA4637C25EFDEEB00577AAF /* SceneDelegate.swift in Sources */ = {isa = PBXBuildFile; fileRef = 3FA4637B25EFDEEB00577AAF /* SceneDelegate.swift */; };
		3FA4637E25EFDEEB00577AAF /* ContentView.swift in Sources */ = {isa = PBXBuildFile; fileRef = 3FA4637D25EFDEEB00577AAF /* ContentView.swift */; };
		3FA4638025EFDEEB00577AAF /* Assets.xcassets in Resources */ = {isa = PBXBuildFile; fileRef = 3FA4637F25EFDEEB00577AAF /* Assets.xcassets */; };
		3FA4638325EFDEEB00577AAF /* Preview Assets.xcassets in Resources */ = {isa = PBXBuildFile; fileRef = 3FA4638225EFDEEB00577AAF /* Preview Assets.xcassets */; };
		3FA4638625EFDEEB00577AAF /* LaunchScreen.storyboard in Resources */ = {isa = PBXBuildFile; fileRef = 3FA4638425EFDEEB00577AAF /* LaunchScreen.storyboard */; };
/* End PBXBuildFile section */

/* Begin PBXFileReference section */
		3FA4637625EFDEEB00577AAF /* ViewsMods.app */ = {isa = PBXFileReference; explicitFileType = wrapper.application; includeInIndex = 0; path = ViewsMods.app; sourceTree = BUILT_PRODUCTS_DIR; };
		3FA4637925EFDEEB00577AAF /* AppDelegate.swift */ = {isa = PBXFileReference; lastKnownFileType = sourcecode.swift; path = AppDelegate.swift; sourceTree = "<group>"; };
		3FA4637B25EFDEEB00577AAF /* SceneDelegate.swift */ = {isa = PBXFileReference; lastKnownFileType = sourcecode.swift; path = SceneDelegate.swift; sourceTree = "<group>"; };
		3FA4637D25EFDEEB00577AAF /* ContentView.swift */ = {isa = PBXFileReference; lastKnownFileType = sourcecode.swift; path = ContentView.swift; sourceTree = "<group>"; };
		3FA4637F25EFDEEB00577AAF /* Assets.xcassets */ = {isa = PBXFileReference; lastKnownFileType = folder.assetcatalog; path = Assets.xcassets; sourceTree = "<group>"; };
		3FA4638225EFDEEB00577AAF /* Preview Assets.xcassets */ = {isa = PBXFileReference; lastKnownFileType = folder.assetcatalog; path = "Preview Assets.xcassets"; sourceTree = "<group>"; };
		3FA4638525EFDEEB00577AAF /* Base */ = {isa = PBXFileReference; lastKnownFileType = file.storyboard; name = Base; path = Base.lproj/LaunchScreen.storyboard; sourceTree = "<group>"; };
		3FA4638725EFDEEB00577AAF /* Info.plist */ = {isa = PBXFileReference; lastKnownFileType = text.plist.xml; path = Info.plist; sourceTree = "<group>"; };
/* End PBXFileReference section */

/* Begin PBXFrameworksBuildPhase section */
		3FA4637325EFDEEB00577AAF /* Frameworks */ = {
			isa = PBXFrameworksBuildPhase;
			buildActionMask = 2147483647;
			files = (
			);
			runOnlyForDeploymentPostprocessing = 0;
		};
/* End PBXFrameworksBuildPhase section */

/* Begin PBXGroup section */
		3FA4636D25EFDEEB00577AAF = {
			isa = PBXGroup;
			children = (
				3FA4637825EFDEEB00577AAF /* ViewsMods */,
				3FA4637725EFDEEB00577AAF /* Products */,
			);
			sourceTree = "<group>";
		};
		3FA4637725EFDEEB00577AAF /* Products */ = {
			isa = PBXGroup;
			children = (
				3FA4637625EFDEEB00577AAF /* ViewsMods.app */,
			);
			name = Products;
			sourceTree = "<group>";
		};
		3FA4637825EFDEEB00577AAF /* ViewsMods */ = {
			isa = PBXGroup;
			children = (
				3FA4637925EFDEEB00577AAF /* AppDelegate.swift */,
				3FA4637B25EFDEEB00577AAF /* SceneDelegate.swift */,
				3FA4637D25EFDEEB00577AAF /* ContentView.swift */,
				3FA4637F25EFDEEB00577AAF /* Assets.xcassets */,
				3FA4638425EFDEEB00577AAF /* LaunchScreen.storyboard */,
				3FA4638725EFDEEB00577AAF /* Info.plist */,
				3FA4638125EFDEEB00577AAF /* Preview Content */,
			);
			path = ViewsMods;
			sourceTree = "<group>";
		};
		3FA4638125EFDEEB00577AAF /* Preview Content */ = {
			isa = PBXGroup;
			children = (
				3FA4638225EFDEEB00577AAF /* Preview Assets.xcassets */,
			);
			path = "Preview Content";
			sourceTree = "<group>";
		};
/* End PBXGroup section */

/* Begin PBXNativeTarget section */
		3FA4637525EFDEEB00577AAF /* ViewsMods */ = {
			isa = PBXNativeTarget;
			buildConfigurationList = 3FA4638A25EFDEEB00577AAF /* Build configuration list for PBXNativeTarget "ViewsMods" */;
			buildPhases = (
				3FA4637225EFDEEB00577AAF /* Sources */,
				3FA4637325EFDEEB00577AAF /* Frameworks */,
				3FA4637425EFDEEB00577AAF /* Resources */,
			);
			buildRules = (
			);
			dependencies = (
			);
			name = ViewsMods;
			productName = ViewsMods;
			productReference = 3FA4637625EFDEEB00577AAF /* ViewsMods.app */;
			productType = "com.apple.product-type.application";
		};
/* End PBXNativeTarget section */

/* Begin PBXProject section */
		3FA4636E25EFDEEB00577AAF /* Project object */ = {
			isa = PBXProject;
			attributes = {
				LastSwiftUpdateCheck = 1170;
				LastUpgradeCheck = 1170;
				ORGANIZATIONNAME = "IN185 BS";
				TargetAttributes = {
					3FA4637525EFDEEB00577AAF = {
						CreatedOnToolsVersion = 11.7;
					};
				};
			};
			buildConfigurationList = 3FA4637125EFDEEB00577AAF /* Build configuration list for PBXProject "ViewsMods" */;
			compatibilityVersion = "Xcode 9.3";
			developmentRegion = en;
			hasScannedForEncodings = 0;
			knownRegions = (
				en,
				Base,
			);
			mainGroup = 3FA4636D25EFDEEB00577AAF;
			productRefGroup = 3FA4637725EFDEEB00577AAF /* Products */;
			projectDirPath = "";
			projectRoot = "";
			targets = (
				3FA4637525EFDEEB00577AAF /* ViewsMods */,
			);
		};
/* End PBXProject section */

/* Begin PBXResourcesBuildPhase section */
		3FA4637425EFDEEB00577AAF /* Resources */ = {
			isa = PBXResourcesBuildPhase;
			buildActionMask = 2147483647;
			files = (
				3FA4638625EFDEEB00577AAF /* LaunchScreen.storyboard in Resources */,
				3FA4638325EFDEEB00577AAF /* Preview Assets.xcassets in Resources */,
				3FA4638025EFDEEB00577AAF /* Assets.xcassets in Resources */,
			);
			runOnlyForDeploymentPostprocessing = 0;
		};
/* End PBXResourcesBuildPhase section */

/* Begin PBXSourcesBuildPhase section */
		3FA4637225EFDEEB00577AAF /* Sources */ = {
			isa = PBXSourcesBuildPhase;
			buildActionMask = 2147483647;
			files = (
				3FA4637A25EFDEEB00577AAF /* AppDelegate.swift in Sources */,
				3FA4637C25EFDEEB00577AAF /* SceneDelegate.swift in Sources */,
				3FA4637E25EFDEEB00577AAF /* ContentView.swift in Sources */,
			);
			runOnlyForDeploymentPostprocessing = 0;
		};
/* End PBXSourcesBuildPhase section */

/* Begin PBXVariantGroup section */
		3FA4638425EFDEEB00577AAF /* LaunchScreen.storyboard */ = {
			isa = PBXVariantGroup;
			children = (
				3FA4638525EFDEEB00577AAF /* Base */,
			);
			name = LaunchScreen.storyboard;
			sourceTree = "<group>";
		};
/* End PBXVariantGroup section */

/* Begin XCBuildConfiguration section */
		3FA4638825EFDEEB00577AAF /* Debug */ = {
			isa = XCBuildConfiguration;
			buildSettings = {
				ALWAYS_SEARCH_USER_PATHS = NO;
				CLANG_ANALYZER_NONNULL = YES;
				CLANG_ANALYZER_NUMBER_OBJECT_CONVERSION = YES_AGGRESSIVE;
				CLANG_CXX_LANGUAGE_STANDARD = "gnu++14";
				CLANG_CXX_LIBRARY = "libc++";
				CLANG_ENABLE_MODULES = YES;
				CLANG_ENABLE_OBJC_ARC = YES;
				CLANG_ENABLE_OBJC_WEAK = YES;
				CLANG_WARN_BLOCK_CAPTURE_AUTORELEASING = YES;
				CLANG_WARN_BOOL_CONVERSION = YES;
				CLANG_WARN_COMMA = YES;
				CLANG_WARN_CONSTANT_CONVERSION = YES;
				CLANG_WARN_DEPRECATED_OBJC_IMPLEMENTATIONS = YES;
				CLANG_WARN_DIRECT_OBJC_ISA_USAGE = YES_ERROR;
				CLANG_WARN_DOCUMENTATION_COMMENTS = YES;
				CLANG_WARN_EMPTY_BODY = YES;
				CLANG_WARN_ENUM_CONVERSION = YES;
				CLANG_WARN_INFINITE_RECURSION = YES;
				CLANG_WARN_INT_CONVERSION = YES;
				CLANG_WARN_NON_LITERAL_NULL_CONVERSION = YES;
				CLANG_WARN_OBJC_IMPLICIT_RETAIN_SELF = YES;
				CLANG_WARN_OBJC_LITERAL_CONVERSION = YES;
				CLANG_WARN_OBJC_ROOT_CLASS = YES_ERROR;
				CLANG_WARN_RANGE_LOOP_ANALYSIS = YES;
				CLANG_WARN_STRICT_PROTOTYPES = YES;
				CLANG_WARN_SUSPICIOUS_MOVE = YES;
				CLANG_WARN_UNGUARDED_AVAILABILITY = YES_AGGRESSIVE;
				CLANG_WARN_UNREACHABLE_CODE = YES;
				CLANG_WARN__DUPLICATE_METHOD_MATCH = YES;
				COPY_PHASE_STRIP = NO;
				DEBUG_INFORMATION_FORMAT = dwarf;
				ENABLE_STRICT_OBJC_MSGSEND = YES;
				ENABLE_TESTABILITY = YES;
				GCC_C_LANGUAGE_STANDARD = gnu11;
				GCC_DYNAMIC_NO_PIC = NO;
				GCC_NO_COMMON_BLOCKS = YES;
				GCC_OPTIMIZATION_LEVEL = 0;
				GCC_PREPROCESSOR_DEFINITIONS = (
					"DEBUG=1",
					"$(inherited)",
				);
				GCC_WARN_64_TO_32_BIT_CONVERSION = YES;
				GCC_WARN_ABOUT_RETURN_TYPE = YES_ERROR;
				GCC_WARN_UNDECLARED_SELECTOR = YES;
				GCC_WARN_UNINITIALIZED_AUTOS = YES_AGGRESSIVE;
				GCC_WARN_UNUSED_FUNCTION = YES;
				GCC_WARN_UNUSED_VARIABLE = YES;
				IPHONEOS_DEPLOYMENT_TARGET = 13.7;
				MTL_ENABLE_DEBUG_INFO = INCLUDE_SOURCE;
				MTL_FAST_MATH = YES;
				ONLY_ACTIVE_ARCH = YES;
				SDKROOT = iphoneos;
				SWIFT_ACTIVE_COMPILATION_CONDITIONS = DEBUG;
				SWIFT_OPTIMIZATION_LEVEL = "-Onone";
			};
			name = Debug;
		};
		3FA4638925EFDEEB00577AAF /* Release */ = {
			isa = XCBuildConfiguration;
			buildSettings = {
				ALWAYS_SEARCH_USER_PATHS = NO;
				CLANG_ANALYZER_NONNULL = YES;
				CLANG_ANALYZER_NUMBER_OBJECT_CONVERSION = YES_AGGRESSIVE;
				CLANG_CXX_LANGUAGE_STANDARD = "gnu++14";
				CLANG_CXX_LIBRARY = "libc++";
				CLANG_ENABLE_MODULES = YES;
				CLANG_ENABLE_OBJC_ARC = YES;
				CLANG_ENABLE_OBJC_WEAK = YES;
				CLANG_WARN_BLOCK_CAPTURE_AUTORELEASING = YES;
				CLANG_WARN_BOOL_CONVERSION = YES;
				CLANG_WARN_COMMA = YES;
				CLANG_WARN_CONSTANT_CONVERSION = YES;
				CLANG_WARN_DEPRECATED_OBJC_IMPLEMENTATIONS = YES;
				CLANG_WARN_DIRECT_OBJC_ISA_USAGE = YES_ERROR;
				CLANG_WARN_DOCUMENTATION_COMMENTS = YES;
				CLANG_WARN_EMPTY_BODY = YES;
				CLANG_WARN_ENUM_CONVERSION = YES;
				CLANG_WARN_INFINITE_RECURSION = YES;
				CLANG_WARN_INT_CONVERSION = YES;
				CLANG_WARN_NON_LITERAL_NULL_CONVERSION = YES;
				CLANG_WARN_OBJC_IMPLICIT_RETAIN_SELF = YES;
				CLANG_WARN_OBJC_LITERAL_CONVERSION = YES;
				CLANG_WARN_OBJC_ROOT_CLASS = YES_ERROR;
				CLANG_WARN_RANGE_LOOP_ANALYSIS = YES;
				CLANG_WARN_STRICT_PROTOTYPES = YES;
				CLANG_WARN_SUSPICIOUS_MOVE = YES;
				CLANG_WARN_UNGUARDED_AVAILABILITY = YES_AGGRESSIVE;
				CLANG_WARN_UNREACHABLE_CODE = YES;
				CLANG_WARN__DUPLICATE_METHOD_MATCH = YES;
				COPY_PHASE_STRIP = NO;
				DEBUG_INFORMATION_FORMAT = "dwarf-with-dsym";
				ENABLE_NS_ASSERTIONS = NO;
				ENABLE_STRICT_OBJC_MSGSEND = YES;
				GCC_C_LANGUAGE_STANDARD = gnu11;
				GCC_NO_COMMON_BLOCKS = YES;
				GCC_WARN_64_TO_32_BIT_CONVERSION = YES;
				GCC_WARN_ABOUT_RETURN_TYPE = YES_ERROR;
				GCC_WARN_UNDECLARED_SELECTOR = YES;
				GCC_WARN_UNINITIALIZED_AUTOS = YES_AGGRESSIVE;
				GCC_WARN_UNUSED_FUNCTION = YES;
				GCC_WARN_UNUSED_VARIABLE = YES;
				IPHONEOS_DEPLOYMENT_TARGET = 13.7;
				MTL_ENABLE_DEBUG_INFO = NO;
				MTL_FAST_MATH = YES;
				SDKROOT = iphoneos;
				SWIFT_COMPILATION_MODE = wholemodule;
				SWIFT_OPTIMIZATION_LEVEL = "-O";
				VALIDATE_PRODUCT = YES;
			};
			name = Release;
		};
		3FA4638B25EFDEEB00577AAF /* Debug */ = {
			isa = XCBuildConfiguration;
			buildSettings = {
				ASSETCATALOG_COMPILER_APPICON_NAME = AppIcon;
				CODE_SIGN_STYLE = Automatic;
				DEVELOPMENT_ASSET_PATHS = "\"ViewsMods/Preview Content\"";
				DEVELOPMENT_TEAM = T7ZWA7H438;
				ENABLE_PREVIEWS = YES;
				INFOPLIST_FILE = ViewsMods/Info.plist;
				LD_RUNPATH_SEARCH_PATHS = (
					"$(inherited)",
					"@executable_path/Frameworks",
				);
				PRODUCT_BUNDLE_IDENTIFIER = "com.IN185-BS.ViewsMods";
				PRODUCT_NAME = "$(TARGET_NAME)";
				SWIFT_VERSION = 5.0;
				TARGETED_DEVICE_FAMILY = "1,2";
			};
			name = Debug;
		};
		3FA4638C25EFDEEB00577AAF /* Release */ = {
			isa = XCBuildConfiguration;
			buildSettings = {
				ASSETCATALOG_COMPILER_APPICON_NAME = AppIcon;
				CODE_SIGN_STYLE = Automatic;
				DEVELOPMENT_ASSET_PATHS = "\"ViewsMods/Preview Content\"";
				DEVELOPMENT_TEAM = T7ZWA7H438;
				ENABLE_PREVIEWS = YES;
				INFOPLIST_FILE = ViewsMods/Info.plist;
				LD_RUNPATH_SEARCH_PATHS = (
					"$(inherited)",
					"@executable_path/Frameworks",
				);
				PRODUCT_BUNDLE_IDENTIFIER = "com.IN185-BS.ViewsMods";
				PRODUCT_NAME = "$(TARGET_NAME)";
				SWIFT_VERSION = 5.0;
				TARGETED_DEVICE_FAMILY = "1,2";
			};
			name = Release;
		};
/* End XCBuildConfiguration section */

/* Begin XCConfigurationList section */
		3FA4637125EFDEEB00577AAF /* Build configuration list for PBXProject "ViewsMods" */ = {
			isa = XCConfigurationList;
			buildConfigurations = (
				3FA4638825EFDEEB00577AAF /* Debug */,
				3FA4638925EFDEEB00577AAF /* Release */,
			);
			defaultConfigurationIsVisible = 0;
			defaultConfigurationName = Release;
		};
		3FA4638A25EFDEEB00577AAF /* Build configuration list for PBXNativeTarget "ViewsMods" */ = {
			isa = XCConfigurationList;
			buildConfigurations = (
				3FA4638B25EFDEEB00577AAF /* Debug */,
				3FA4638C25EFDEEB00577AAF /* Release */,
			);
			defaultConfigurationIsVisible = 0;
			defaultConfigurationName = Release;
		};
/* End XCConfigurationList section */
	};
	rootObject = 3FA4636E25EFDEEB00577AAF /* Project object */;
}
